# THIS IS AN AUTOGENERATED FILE. DO NOT EDIT THIS FILE DIRECTLY.
# yarn lockfile v1


colors@^1.1.2:
  version "1.1.2"
  resolved "https://registry.yarnpkg.com/colors/-/colors-1.1.2.tgz#168a4701756b6a7f51a12ce0c97bfa28c084ed63"

commander@^2.11.0:
  version "2.13.0"
  resolved "https://registry.yarnpkg.com/commander/-/commander-2.13.0.tgz#6964bca67685df7c1f1430c584f07d7597885b9c"

"keccak-p-js@git://github.com/jeffallen6767/keccak-p-js.git":
  version "1.0.0"
  resolved "git://github.com/jeffallen6767/keccak-p-js.git#41badf4f935b7accfbd0b91f460bef138bfcd682"
  dependencies:
    colors "^1.1.2"
    commander "^2.11.0"

nan@^2.2.1:
  version "2.8.0"
  resolved "https://registry.yarnpkg.com/nan/-/nan-2.8.0.tgz#ed715f3fe9de02b57a5e6252d90a96675e1f085a"

sodium@2.0.1:
  version "2.0.1"
  resolved "https://registry.yarnpkg.com/sodium/-/sodium-2.0.1.tgz#64efff6d7699c8f26f91b9ac5b6fc3aa550b2579"
  dependencies:
    nan "^2.2.1"

"testing@https://github.com/jeffallen6767/testing.git":
  version "1.0.0"
  resolved "https://github.com/jeffallen6767/testing.git#aa766856dbd2e5fcfcfe256b95f35375f09e2090"
  dependencies:
    colors "^1.1.2"
